// !$*UTF8*$!
{
	archiveVersion = 1;
	classes = {
	};
	objectVersion = 56;
	objects = {

/* Begin PBXBuildFile section */
		7BE74C442D1C7958005AAC0C /* Image_To_TextApp.swift in Sources */ = {isa = PBXBuildFile; fileRef = 7BE74C432D1C7958005AAC0C /* Image_To_TextApp.swift */; };
		7BE74C462D1C7958005AAC0C /* ContentView.swift in Sources */ = {isa = PBXBuildFile; fileRef = 7BE74C452D1C7958005AAC0C /* ContentView.swift */; };
		7BE74C482D1C795A005AAC0C /* Assets.xcassets in Resources */ = {isa = PBXBuildFile; fileRef = 7BE74C472D1C795A005AAC0C /* Assets.xcassets */; };
		7BE74C4B2D1C795A005AAC0C /* Preview Assets.xcassets in Resources */ = {isa = PBXBuildFile; fileRef = 7BE74C4A2D1C795A005AAC0C /* Preview Assets.xcassets */; };
		7BE74C552D1C795A005AAC0C /* Image_To_TextTests.swift in Sources */ = {isa = PBXBuildFile; fileRef = 7BE74C542D1C795A005AAC0C /* Image_To_TextTests.swift */; };
		7BE74C5F2D1C795A005AAC0C /* Image_To_TextUITests.swift in Sources */ = {isa = PBXBuildFile; fileRef = 7BE74C5E2D1C795A005AAC0C /* Image_To_TextUITests.swift */; };
		7BE74C612D1C795A005AAC0C /* Image_To_TextUITestsLaunchTests.swift in Sources */ = {isa = PBXBuildFile; fileRef = 7BE74C602D1C795A005AAC0C /* Image_To_TextUITestsLaunchTests.swift */; };
/* End PBXBuildFile section */

/* Begin PBXContainerItemProxy section */
		7BE74C512D1C795A005AAC0C /* PBXContainerItemProxy */ = {
			isa = PBXContainerItemProxy;
			containerPortal = 7BE74C382D1C7957005AAC0C /* Project object */;
			proxyType = 1;
			remoteGlobalIDString = 7BE74C3F2D1C7958005AAC0C;
			remoteInfo = Image_To_Text;
		};
		7BE74C5B2D1C795A005AAC0C /* PBXContainerItemProxy */ = {
			isa = PBXContainerItemProxy;
			containerPortal = 7BE74C382D1C7957005AAC0C /* Project object */;
			proxyType = 1;
			remoteGlobalIDString = 7BE74C3F2D1C7958005AAC0C;
			remoteInfo = Image_To_Text;
		};
/* End PBXContainerItemProxy section */

/* Begin PBXFileReference section */
		7BE74C402D1C7958005AAC0C /* Image_To_Text.app */ = {isa = PBXFileReference; explicitFileType = wrapper.application; includeInIndex = 0; path = Image_To_Text.app; sourceTree = BUILT_PRODUCTS_DIR; };
		7BE74C432D1C7958005AAC0C /* Image_To_TextApp.swift */ = {isa = PBXFileReference; lastKnownFileType = sourcecode.swift; path = Image_To_TextApp.swift; sourceTree = "<group>"; };
		7BE74C452D1C7958005AAC0C /* ContentView.swift */ = {isa = PBXFileReference; lastKnownFileType = sourcecode.swift; path = ContentView.swift; sourceTree = "<group>"; };
		7BE74C472D1C795A005AAC0C /* Assets.xcassets */ = {isa = PBXFileReference; lastKnownFileType = folder.assetcatalog; path = Assets.xcassets; sourceTree = "<group>"; };
		7BE74C4A2D1C795A005AAC0C /* Preview Assets.xcassets */ = {isa = PBXFileReference; lastKnownFileType = folder.assetcatalog; path = "Preview Assets.xcassets"; sourceTree = "<group>"; };
		7BE74C502D1C795A005AAC0C /* Image_To_TextTests.xctest */ = {isa = PBXFileReference; explicitFileType = wrapper.cfbundle; includeInIndex = 0; path = Image_To_TextTests.xctest; sourceTree = BUILT_PRODUCTS_DIR; };
		7BE74C542D1C795A005AAC0C /* Image_To_TextTests.swift */ = {isa = PBXFileReference; lastKnownFileType = sourcecode.swift; path = Image_To_TextTests.swift; sourceTree = "<group>"; };
		7BE74C5A2D1C795A005AAC0C /* Image_To_TextUITests.xctest */ = {isa = PBXFileReference; explicitFileType = wrapper.cfbundle; includeInIndex = 0; path = Image_To_TextUITests.xctest; sourceTree = BUILT_PRODUCTS_DIR; };
		7BE74C5E2D1C795A005AAC0C /* Image_To_TextUITests.swift */ = {isa = PBXFileReference; lastKnownFileType = sourcecode.swift; path = Image_To_TextUITests.swift; sourceTree = "<group>"; };
		7BE74C602D1C795A005AAC0C /* Image_To_TextUITestsLaunchTests.swift */ = {isa = PBXFileReference; lastKnownFileType = sourcecode.swift; path = Image_To_TextUITestsLaunchTests.swift; sourceTree = "<group>"; };
/* End PBXFileReference section */

/* Begin PBXFrameworksBuildPhase section */
		7BE74C3D2D1C7958005AAC0C /* Frameworks */ = {
			isa = PBXFrameworksBuildPhase;
			buildActionMask = 2147483647;
			files = (
			);
			runOnlyForDeploymentPostprocessing = 0;
		};
		7BE74C4D2D1C795A005AAC0C /* Frameworks */ = {
			isa = PBXFrameworksBuildPhase;
			buildActionMask = 2147483647;
			files = (
			);
			runOnlyForDeploymentPostprocessing = 0;
		};
		7BE74C572D1C795A005AAC0C /* Frameworks */ = {
			isa = PBXFrameworksBuildPhase;
			buildActionMask = 2147483647;
			files = (
			);
			runOnlyForDeploymentPostprocessing = 0;
		};
/* End PBXFrameworksBuildPhase section */

/* Begin PBXGroup section */
		7BE74C372D1C7957005AAC0C = {
			isa = PBXGroup;
			children = (
				7BE74C422D1C7958005AAC0C /* Image_To_Text */,
				7BE74C532D1C795A005AAC0C /* Image_To_TextTests */,
				7BE74C5D2D1C795A005AAC0C /* Image_To_TextUITests */,
				7BE74C412D1C7958005AAC0C /* Products */,
			);
			sourceTree = "<group>";
		};
		7BE74C412D1C7958005AAC0C /* Products */ = {
			isa = PBXGroup;
			children = (
				7BE74C402D1C7958005AAC0C /* Image_To_Text.app */,
				7BE74C502D1C795A005AAC0C /* Image_To_TextTests.xctest */,
				7BE74C5A2D1C795A005AAC0C /* Image_To_TextUITests.xctest */,
			);
			name = Products;
			sourceTree = "<group>";
		};
		7BE74C422D1C7958005AAC0C /* Image_To_Text */ = {
			isa = PBXGroup;
			children = (
				7BE74C432D1C7958005AAC0C /* Image_To_TextApp.swift */,
				7BE74C452D1C7958005AAC0C /* ContentView.swift */,
				7BE74C472D1C795A005AAC0C /* Assets.xcassets */,
				7BE74C492D1C795A005AAC0C /* Preview Content */,
			);
			path = Image_To_Text;
			sourceTree = "<group>";
		};
		7BE74C492D1C795A005AAC0C /* Preview Content */ = {
			isa = PBXGroup;
			children = (
				7BE74C4A2D1C795A005AAC0C /* Preview Assets.xcassets */,
			);
			path = "Preview Content";
			sourceTree = "<group>";
		};
		7BE74C532D1C795A005AAC0C /* Image_To_TextTests */ = {
			isa = PBXGroup;
			children = (
				7BE74C542D1C795A005AAC0C /* Image_To_TextTests.swift */,
			);
			path = Image_To_TextTests;
			sourceTree = "<group>";
		};
		7BE74C5D2D1C795A005AAC0C /* Image_To_TextUITests */ = {
			isa = PBXGroup;
			children = (
				7BE74C5E2D1C795A005AAC0C /* Image_To_TextUITests.swift */,
				7BE74C602D1C795A005AAC0C /* Image_To_TextUITestsLaunchTests.swift */,
			);
			path = Image_To_TextUITests;
			sourceTree = "<group>";
		};
/* End PBXGroup section */

/* Begin PBXNativeTarget section */
		7BE74C3F2D1C7958005AAC0C /* Image_To_Text */ = {
			isa = PBXNativeTarget;
			buildConfigurationList = 7BE74C642D1C795A005AAC0C /* Build configuration list for PBXNativeTarget "Image_To_Text" */;
			buildPhases = (
				7BE74C3C2D1C7958005AAC0C /* Sources */,
				7BE74C3D2D1C7958005AAC0C /* Frameworks */,
				7BE74C3E2D1C7958005AAC0C /* Resources */,
			);
			buildRules = (
			);
			dependencies = (
			);
			name = Image_To_Text;
			productName = Image_To_Text;
			productReference = 7BE74C402D1C7958005AAC0C /* Image_To_Text.app */;
			productType = "com.apple.product-type.application";
		};
		7BE74C4F2D1C795A005AAC0C /* Image_To_TextTests */ = {
			isa = PBXNativeTarget;
			buildConfigurationList = 7BE74C672D1C795A005AAC0C /* Build configuration list for PBXNativeTarget "Image_To_TextTests" */;
			buildPhases = (
				7BE74C4C2D1C795A005AAC0C /* Sources */,
				7BE74C4D2D1C795A005AAC0C /* Frameworks */,
				7BE74C4E2D1C795A005AAC0C /* Resources */,
			);
			buildRules = (
			);
			dependencies = (
				7BE74C522D1C795A005AAC0C /* PBXTargetDependency */,
			);
			name = Image_To_TextTests;
			productName = Image_To_TextTests;
			productReference = 7BE74C502D1C795A005AAC0C /* Image_To_TextTests.xctest */;
			productType = "com.apple.product-type.bundle.unit-test";
		};
		7BE74C592D1C795A005AAC0C /* Image_To_TextUITests */ = {
			isa = PBXNativeTarget;
			buildConfigurationList = 7BE74C6A2D1C795A005AAC0C /* Build configuration list for PBXNativeTarget "Image_To_TextUITests" */;
			buildPhases = (
				7BE74C562D1C795A005AAC0C /* Sources */,
				7BE74C572D1C795A005AAC0C /* Frameworks */,
				7BE74C582D1C795A005AAC0C /* Resources */,
			);
			buildRules = (
			);
			dependencies = (
				7BE74C5C2D1C795A005AAC0C /* PBXTargetDependency */,
			);
			name = Image_To_TextUITests;
			productName = Image_To_TextUITests;
			productReference = 7BE74C5A2D1C795A005AAC0C /* Image_To_TextUITests.xctest */;
			productType = "com.apple.product-type.bundle.ui-testing";
		};
/* End PBXNativeTarget section */

/* Begin PBXProject section */
		7BE74C382D1C7957005AAC0C /* Project object */ = {
			isa = PBXProject;
			attributes = {
				BuildIndependentTargetsInParallel = 1;
				LastSwiftUpdateCheck = 1520;
				LastUpgradeCheck = 1520;
				TargetAttributes = {
					7BE74C3F2D1C7958005AAC0C = {
						CreatedOnToolsVersion = 15.2;
					};
					7BE74C4F2D1C795A005AAC0C = {
						CreatedOnToolsVersion = 15.2;
						TestTargetID = 7BE74C3F2D1C7958005AAC0C;
					};
					7BE74C592D1C795A005AAC0C = {
						CreatedOnToolsVersion = 15.2;
						TestTargetID = 7BE74C3F2D1C7958005AAC0C;
					};
				};
			};
			buildConfigurationList = 7BE74C3B2D1C7957005AAC0C /* Build configuration list for PBXProject "Image_To_Text" */;
			compatibilityVersion = "Xcode 14.0";
			developmentRegion = en;
			hasScannedForEncodings = 0;
			knownRegions = (
				en,
				Base,
			);
			mainGroup = 7BE74C372D1C7957005AAC0C;
			productRefGroup = 7BE74C412D1C7958005AAC0C /* Products */;
			projectDirPath = "";
			projectRoot = "";
			targets = (
				7BE74C3F2D1C7958005AAC0C /* Image_To_Text */,
				7BE74C4F2D1C795A005AAC0C /* Image_To_TextTests */,
				7BE74C592D1C795A005AAC0C /* Image_To_TextUITests */,
			);
		};
/* End PBXProject section */

/* Begin PBXResourcesBuildPhase section */
		7BE74C3E2D1C7958005AAC0C /* Resources */ = {
			isa = PBXResourcesBuildPhase;
			buildActionMask = 2147483647;
			files = (
				7BE74C4B2D1C795A005AAC0C /* Preview Assets.xcassets in Resources */,
				7BE74C482D1C795A005AAC0C /* Assets.xcassets in Resources */,
			);
			runOnlyForDeploymentPostprocessing = 0;
		};
		7BE74C4E2D1C795A005AAC0C /* Resources */ = {
			isa = PBXResourcesBuildPhase;
			buildActionMask = 2147483647;
			files = (
			);
			runOnlyForDeploymentPostprocessing = 0;
		};
		7BE74C582D1C795A005AAC0C /* Resources */ = {
			isa = PBXResourcesBuildPhase;
			buildActionMask = 2147483647;
			files = (
			);
			runOnlyForDeploymentPostprocessing = 0;
		};
/* End PBXResourcesBuildPhase section */

/* Begin PBXSourcesBuildPhase section */
		7BE74C3C2D1C7958005AAC0C /* Sources */ = {
			isa = PBXSourcesBuildPhase;
			buildActionMask = 2147483647;
			files = (
				7BE74C462D1C7958005AAC0C /* ContentView.swift in Sources */,
				7BE74C442D1C7958005AAC0C /* Image_To_TextApp.swift in Sources */,
			);
			runOnlyForDeploymentPostprocessing = 0;
		};
		7BE74C4C2D1C795A005AAC0C /* Sources */ = {
			isa = PBXSourcesBuildPhase;
			buildActionMask = 2147483647;
			files = (
				7BE74C552D1C795A005AAC0C /* Image_To_TextTests.swift in Sources */,
			);
			runOnlyForDeploymentPostprocessing = 0;
		};
		7BE74C562D1C795A005AAC0C /* Sources */ = {
			isa = PBXSourcesBuildPhase;
			buildActionMask = 2147483647;
			files = (
				7BE74C612D1C795A005AAC0C /* Image_To_TextUITestsLaunchTests.swift in Sources */,
				7BE74C5F2D1C795A005AAC0C /* Image_To_TextUITests.swift in Sources */,
			);
			runOnlyForDeploymentPostprocessing = 0;
		};
/* End PBXSourcesBuildPhase section */

/* Begin PBXTargetDependency section */
		7BE74C522D1C795A005AAC0C /* PBXTargetDependency */ = {
			isa = PBXTargetDependency;
			target = 7BE74C3F2D1C7958005AAC0C /* Image_To_Text */;
			targetProxy = 7BE74C512D1C795A005AAC0C /* PBXContainerItemProxy */;
		};
		7BE74C5C2D1C795A005AAC0C /* PBXTargetDependency */ = {
			isa = PBXTargetDependency;
			target = 7BE74C3F2D1C7958005AAC0C /* Image_To_Text */;
			targetProxy = 7BE74C5B2D1C795A005AAC0C /* PBXContainerItemProxy */;
		};
/* End PBXTargetDependency section */

/* Begin XCBuildConfiguration section */
		7BE74C622D1C795A005AAC0C /* Debug */ = {
			isa = XCBuildConfiguration;
			buildSettings = {
				ALWAYS_SEARCH_USER_PATHS = NO;
				ASSETCATALOG_COMPILER_GENERATE_SWIFT_ASSET_SYMBOL_EXTENSIONS = YES;
				CLANG_ANALYZER_NONNULL = YES;
				CLANG_ANALYZER_NUMBER_OBJECT_CONVERSION = YES_AGGRESSIVE;
				CLANG_CXX_LANGUAGE_STANDARD = "gnu++20";
				CLANG_ENABLE_MODULES = YES;
				CLANG_ENABLE_OBJC_ARC = YES;
				CLANG_ENABLE_OBJC_WEAK = YES;
				CLANG_WARN_BLOCK_CAPTURE_AUTORELEASING = YES;
				CLANG_WARN_BOOL_CONVERSION = YES;
				CLANG_WARN_COMMA = YES;
				CLANG_WARN_CONSTANT_CONVERSION = YES;
				CLANG_WARN_DEPRECATED_OBJC_IMPLEMENTATIONS = YES;
				CLANG_WARN_DIRECT_OBJC_ISA_USAGE = YES_ERROR;
				CLANG_WARN_DOCUMENTATION_COMMENTS = YES;
				CLANG_WARN_EMPTY_BODY = YES;
				CLANG_WARN_ENUM_CONVERSION = YES;
				CLANG_WARN_INFINITE_RECURSION = YES;
				CLANG_WARN_INT_CONVERSION = YES;
				CLANG_WARN_NON_LITERAL_NULL_CONVERSION = YES;
				CLANG_WARN_OBJC_IMPLICIT_RETAIN_SELF = YES;
				CLANG_WARN_OBJC_LITERAL_CONVERSION = YES;
				CLANG_WARN_OBJC_ROOT_CLASS = YES_ERROR;
				CLANG_WARN_QUOTED_INCLUDE_IN_FRAMEWORK_HEADER = YES;
				CLANG_WARN_RANGE_LOOP_ANALYSIS = YES;
				CLANG_WARN_STRICT_PROTOTYPES = YES;
				CLANG_WARN_SUSPICIOUS_MOVE = YES;
				CLANG_WARN_UNGUARDED_AVAILABILITY = YES_AGGRESSIVE;
				CLANG_WARN_UNREACHABLE_CODE = YES;
				CLANG_WARN__DUPLICATE_METHOD_MATCH = YES;
				COPY_PHASE_STRIP = NO;
				DEBUG_INFORMATION_FORMAT = dwarf;
				ENABLE_STRICT_OBJC_MSGSEND = YES;
				ENABLE_TESTABILITY = YES;
				ENABLE_USER_SCRIPT_SANDBOXING = YES;
				GCC_C_LANGUAGE_STANDARD = gnu17;
				GCC_DYNAMIC_NO_PIC = NO;
				GCC_NO_COMMON_BLOCKS = YES;
				GCC_OPTIMIZATION_LEVEL = 0;
				GCC_PREPROCESSOR_DEFINITIONS = (
					"DEBUG=1",
					"$(inherited)",
				);
				GCC_WARN_64_TO_32_BIT_CONVERSION = YES;
				GCC_WARN_ABOUT_RETURN_TYPE = YES_ERROR;
				GCC_WARN_UNDECLARED_SELECTOR = YES;
				GCC_WARN_UNINITIALIZED_AUTOS = YES_AGGRESSIVE;
				GCC_WARN_UNUSED_FUNCTION = YES;
				GCC_WARN_UNUSED_VARIABLE = YES;
				IPHONEOS_DEPLOYMENT_TARGET = 17.2;
				LOCALIZATION_PREFERS_STRING_CATALOGS = YES;
				MTL_ENABLE_DEBUG_INFO = INCLUDE_SOURCE;
				MTL_FAST_MATH = YES;
				ONLY_ACTIVE_ARCH = YES;
				SDKROOT = iphoneos;
				SWIFT_ACTIVE_COMPILATION_CONDITIONS = "DEBUG $(inherited)";
				SWIFT_OPTIMIZATION_LEVEL = "-Onone";
			};
			name = Debug;
		};
		7BE74C632D1C795A005AAC0C /* Release */ = {
			isa = XCBuildConfiguration;
			buildSettings = {
				ALWAYS_SEARCH_USER_PATHS = NO;
				ASSETCATALOG_COMPILER_GENERATE_SWIFT_ASSET_SYMBOL_EXTENSIONS = YES;
				CLANG_ANALYZER_NONNULL = YES;
				CLANG_ANALYZER_NUMBER_OBJECT_CONVERSION = YES_AGGRESSIVE;
				CLANG_CXX_LANGUAGE_STANDARD = "gnu++20";
				CLANG_ENABLE_MODULES = YES;
				CLANG_ENABLE_OBJC_ARC = YES;
				CLANG_ENABLE_OBJC_WEAK = YES;
				CLANG_WARN_BLOCK_CAPTURE_AUTORELEASING = YES;
				CLANG_WARN_BOOL_CONVERSION = YES;
				CLANG_WARN_COMMA = YES;
				CLANG_WARN_CONSTANT_CONVERSION = YES;
				CLANG_WARN_DEPRECATED_OBJC_IMPLEMENTATIONS = YES;
				CLANG_WARN_DIRECT_OBJC_ISA_USAGE = YES_ERROR;
				CLANG_WARN_DOCUMENTATION_COMMENTS = YES;
				CLANG_WARN_EMPTY_BODY = YES;
				CLANG_WARN_ENUM_CONVERSION = YES;
				CLANG_WARN_INFINITE_RECURSION = YES;
				CLANG_WARN_INT_CONVERSION = YES;
				CLANG_WARN_NON_LITERAL_NULL_CONVERSION = YES;
				CLANG_WARN_OBJC_IMPLICIT_RETAIN_SELF = YES;
				CLANG_WARN_OBJC_LITERAL_CONVERSION = YES;
				CLANG_WARN_OBJC_ROOT_CLASS = YES_ERROR;
				CLANG_WARN_QUOTED_INCLUDE_IN_FRAMEWORK_HEADER = YES;
				CLANG_WARN_RANGE_LOOP_ANALYSIS = YES;
				CLANG_WARN_STRICT_PROTOTYPES = YES;
				CLANG_WARN_SUSPICIOUS_MOVE = YES;
				CLANG_WARN_UNGUARDED_AVAILABILITY = YES_AGGRESSIVE;
				CLANG_WARN_UNREACHABLE_CODE = YES;
				CLANG_WARN__DUPLICATE_METHOD_MATCH = YES;
				COPY_PHASE_STRIP = NO;
				DEBUG_INFORMATION_FORMAT = "dwarf-with-dsym";
				ENABLE_NS_ASSERTIONS = NO;
				ENABLE_STRICT_OBJC_MSGSEND = YES;
				ENABLE_USER_SCRIPT_SANDBOXING = YES;
				GCC_C_LANGUAGE_STANDARD = gnu17;
				GCC_NO_COMMON_BLOCKS = YES;
				GCC_WARN_64_TO_32_BIT_CONVERSION = YES;
				GCC_WARN_ABOUT_RETURN_TYPE = YES_ERROR;
				GCC_WARN_UNDECLARED_SELECTOR = YES;
				GCC_WARN_UNINITIALIZED_AUTOS = YES_AGGRESSIVE;
				GCC_WARN_UNUSED_FUNCTION = YES;
				GCC_WARN_UNUSED_VARIABLE = YES;
				IPHONEOS_DEPLOYMENT_TARGET = 17.2;
				LOCALIZATION_PREFERS_STRING_CATALOGS = YES;
				MTL_ENABLE_DEBUG_INFO = NO;
				MTL_FAST_MATH = YES;
				SDKROOT = iphoneos;
				SWIFT_COMPILATION_MODE = wholemodule;
				VALIDATE_PRODUCT = YES;
			};
			name = Release;
		};
		7BE74C652D1C795A005AAC0C /* Debug */ = {
			isa = XCBuildConfiguration;
			buildSettings = {
				ASSETCATALOG_COMPILER_APPICON_NAME = AppIcon;
				ASSETCATALOG_COMPILER_GLOBAL_ACCENT_COLOR_NAME = AccentColor;
				CODE_SIGN_STYLE = Automatic;
				CURRENT_PROJECT_VERSION = 1;
				DEVELOPMENT_ASSET_PATHS = "\"Image_To_Text/Preview Content\"";
				ENABLE_PREVIEWS = YES;
				GENERATE_INFOPLIST_FILE = YES;
				INFOPLIST_KEY_UIApplicationSceneManifest_Generation = YES;
				INFOPLIST_KEY_UIApplicationSupportsIndirectInputEvents = YES;
				INFOPLIST_KEY_UILaunchScreen_Generation = YES;
				INFOPLIST_KEY_UISupportedInterfaceOrientations_iPad = "UIInterfaceOrientationPortrait UIInterfaceOrientationPortraitUpsideDown UIInterfaceOrientationLandscapeLeft UIInterfaceOrientationLandscapeRight";
				INFOPLIST_KEY_UISupportedInterfaceOrientations_iPhone = "UIInterfaceOrientationPortrait UIInterfaceOrientationLandscapeLeft UIInterfaceOrientationLandscapeRight";
				LD_RUNPATH_SEARCH_PATHS = (
					"$(inherited)",
					"@executable_path/Frameworks",
				);
				MARKETING_VERSION = 1.0;
				PRODUCT_BUNDLE_IDENTIFIER = "com.google.Image-To-Text";
				PRODUCT_NAME = "$(TARGET_NAME)";
				SWIFT_EMIT_LOC_STRINGS = YES;
				SWIFT_VERSION = 5.0;
				TARGETED_DEVICE_FAMILY = "1,2";
			};
			name = Debug;
		};
		7BE74C662D1C795A005AAC0C /* Release */ = {
			isa = XCBuildConfiguration;
			buildSettings = {
				ASSETCATALOG_COMPILER_APPICON_NAME = AppIcon;
				ASSETCATALOG_COMPILER_GLOBAL_ACCENT_COLOR_NAME = AccentColor;
				CODE_SIGN_STYLE = Automatic;
				CURRENT_PROJECT_VERSION = 1;
				DEVELOPMENT_ASSET_PATHS = "\"Image_To_Text/Preview Content\"";
				ENABLE_PREVIEWS = YES;
				GENERATE_INFOPLIST_FILE = YES;
				INFOPLIST_KEY_UIApplicationSceneManifest_Generation = YES;
				INFOPLIST_KEY_UIApplicationSupportsIndirectInputEvents = YES;
				INFOPLIST_KEY_UILaunchScreen_Generation = YES;
				INFOPLIST_KEY_UISupportedInterfaceOrientations_iPad = "UIInterfaceOrientationPortrait UIInterfaceOrientationPortraitUpsideDown UIInterfaceOrientationLandscapeLeft UIInterfaceOrientationLandscapeRight";
				INFOPLIST_KEY_UISupportedInterfaceOrientations_iPhone = "UIInterfaceOrientationPortrait UIInterfaceOrientationLandscapeLeft UIInterfaceOrientationLandscapeRight";
				LD_RUNPATH_SEARCH_PATHS = (
					"$(inherited)",
					"@executable_path/Frameworks",
				);
				MARKETING_VERSION = 1.0;
				PRODUCT_BUNDLE_IDENTIFIER = "com.google.Image-To-Text";
				PRODUCT_NAME = "$(TARGET_NAME)";
				SWIFT_EMIT_LOC_STRINGS = YES;
				SWIFT_VERSION = 5.0;
				TARGETED_DEVICE_FAMILY = "1,2";
			};
			name = Release;
		};
		7BE74C682D1C795A005AAC0C /* Debug */ = {
			isa = XCBuildConfiguration;
			buildSettings = {
				ALWAYS_EMBED_SWIFT_STANDARD_LIBRARIES = YES;
				BUNDLE_LOADER = "$(TEST_HOST)";
				CODE_SIGN_STYLE = Automatic;
				CURRENT_PROJECT_VERSION = 1;
				GENERATE_INFOPLIST_FILE = YES;
				IPHONEOS_DEPLOYMENT_TARGET = 17.2;
				MARKETING_VERSION = 1.0;
				PRODUCT_BUNDLE_IDENTIFIER = "com.google.Image-To-TextTests";
				PRODUCT_NAME = "$(TARGET_NAME)";
				SWIFT_EMIT_LOC_STRINGS = NO;
				SWIFT_VERSION = 5.0;
				TARGETED_DEVICE_FAMILY = "1,2";
				TEST_HOST = "$(BUILT_PRODUCTS_DIR)/Image_To_Text.app/$(BUNDLE_EXECUTABLE_FOLDER_PATH)/Image_To_Text";
			};
			name = Debug;
		};
		7BE74C692D1C795A005AAC0C /* Release */ = {
			isa = XCBuildConfiguration;
			buildSettings = {
				ALWAYS_EMBED_SWIFT_STANDARD_LIBRARIES = YES;
				BUNDLE_LOADER = "$(TEST_HOST)";
				CODE_SIGN_STYLE = Automatic;
				CURRENT_PROJECT_VERSION = 1;
				GENERATE_INFOPLIST_FILE = YES;
				IPHONEOS_DEPLOYMENT_TARGET = 17.2;
				MARKETING_VERSION = 1.0;
				PRODUCT_BUNDLE_IDENTIFIER = "com.google.Image-To-TextTests";
				PRODUCT_NAME = "$(TARGET_NAME)";
				SWIFT_EMIT_LOC_STRINGS = NO;
				SWIFT_VERSION = 5.0;
				TARGETED_DEVICE_FAMILY = "1,2";
				TEST_HOST = "$(BUILT_PRODUCTS_DIR)/Image_To_Text.app/$(BUNDLE_EXECUTABLE_FOLDER_PATH)/Image_To_Text";
			};
			name = Release;
		};
		7BE74C6B2D1C795A005AAC0C /* Debug */ = {
			isa = XCBuildConfiguration;
			buildSettings = {
				ALWAYS_EMBED_SWIFT_STANDARD_LIBRARIES = YES;
				CODE_SIGN_STYLE = Automatic;
				CURRENT_PROJECT_VERSION = 1;
				GENERATE_INFOPLIST_FILE = YES;
				MARKETING_VERSION = 1.0;
				PRODUCT_BUNDLE_IDENTIFIER = "com.google.Image-To-TextUITests";
				PRODUCT_NAME = "$(TARGET_NAME)";
				SWIFT_EMIT_LOC_STRINGS = NO;
				SWIFT_VERSION = 5.0;
				TARGETED_DEVICE_FAMILY = "1,2";
				TEST_TARGET_NAME = Image_To_Text;
			};
			name = Debug;
		};
		7BE74C6C2D1C795A005AAC0C /* Release */ = {
			isa = XCBuildConfiguration;
			buildSettings = {
				ALWAYS_EMBED_SWIFT_STANDARD_LIBRARIES = YES;
				CODE_SIGN_STYLE = Automatic;
				CURRENT_PROJECT_VERSION = 1;
				GENERATE_INFOPLIST_FILE = YES;
				MARKETING_VERSION = 1.0;
				PRODUCT_BUNDLE_IDENTIFIER = "com.google.Image-To-TextUITests";
				PRODUCT_NAME = "$(TARGET_NAME)";
				SWIFT_EMIT_LOC_STRINGS = NO;
				SWIFT_VERSION = 5.0;
				TARGETED_DEVICE_FAMILY = "1,2";
				TEST_TARGET_NAME = Image_To_Text;
			};
			name = Release;
		};
/* End XCBuildConfiguration section */

/* Begin XCConfigurationList section */
		7BE74C3B2D1C7957005AAC0C /* Build configuration list for PBXProject "Image_To_Text" */ = {
			isa = XCConfigurationList;
			buildConfigurations = (
				7BE74C622D1C795A005AAC0C /* Debug */,
				7BE74C632D1C795A005AAC0C /* Release */,
			);
			defaultConfigurationIsVisible = 0;
			defaultConfigurationName = Release;
		};
		7BE74C642D1C795A005AAC0C /* Build configuration list for PBXNativeTarget "Image_To_Text" */ = {
			isa = XCConfigurationList;
			buildConfigurations = (
				7BE74C652D1C795A005AAC0C /* Debug */,
				7BE74C662D1C795A005AAC0C /* Release */,
			);
			defaultConfigurationIsVisible = 0;
			defaultConfigurationName = Release;
		};
		7BE74C672D1C795A005AAC0C /* Build configuration list for PBXNativeTarget "Image_To_TextTests" */ = {
			isa = XCConfigurationList;
			buildConfigurations = (
				7BE74C682D1C795A005AAC0C /* Debug */,
				7BE74C692D1C795A005AAC0C /* Release */,
			);
			defaultConfigurationIsVisible = 0;
			defaultConfigurationName = Release;
		};
		7BE74C6A2D1C795A005AAC0C /* Build configuration list for PBXNativeTarget "Image_To_TextUITests" */ = {
			isa = XCConfigurationList;
			buildConfigurations = (
				7BE74C6B2D1C795A005AAC0C /* Debug */,
				7BE74C6C2D1C795A005AAC0C /* Release */,
			);
			defaultConfigurationIsVisible = 0;
			defaultConfigurationName = Release;
		};
/* End XCConfigurationList section */
	};
	rootObject = 7BE74C382D1C7957005AAC0C /* Project object */;
}
